# THIS IS AN AUTOGENERATED FILE. DO NOT EDIT THIS FILE DIRECTLY.
# yarn lockfile v1


adler-32@~1.2.0:
  version "1.2.0"
  resolved "https://registry.yarnpkg.com/adler-32/-/adler-32-1.2.0.tgz#6a3e6bf0a63900ba15652808cb15c6813d1a5f25"
  integrity sha1-aj5r8KY5ALoVZSgIyxXGgT0aXyU=
  dependencies:
    exit-on-epipe "~1.0.1"
    printj "~1.1.0"

cfb@^1.1.4:
  version "1.2.0"
  resolved "https://registry.yarnpkg.com/cfb/-/cfb-1.2.0.tgz#6a4d0872b525ed60349e1ef51fb4b0bf73eca9a8"
  integrity sha512-sXMvHsKCICVR3Naq+J556K+ExBo9n50iKl6LGarlnvuA2035uMlGA/qVrc0wQtow5P1vJEw9UyrKLCbtIKz+TQ==
  dependencies:
    adler-32 "~1.2.0"
    crc-32 "~1.2.0"
    printj "~1.1.2"

codepage@~1.14.0:
  version "1.14.0"
  resolved "https://registry.yarnpkg.com/codepage/-/codepage-1.14.0.tgz#8cbe25481323559d7d307571b0fff91e7a1d2f99"
  integrity sha1-jL4lSBMjVZ19MHVxsP/5HnodL5k=
  dependencies:
    commander "~2.14.1"
    exit-on-epipe "~1.0.1"

commander@~2.14.1:
  version "2.14.1"
  resolved "https://registry.yarnpkg.com/commander/-/commander-2.14.1.tgz#2235123e37af8ca3c65df45b026dbd357b01b9aa"
  integrity sha512-+YR16o3rK53SmWHU3rEM3tPAh2rwb1yPcQX5irVn7mb0gXbwuCCrnkbV5+PBfETdfg1vui07nM6PCG1zndcjQw==

commander@~2.17.1:
  version "2.17.1"
  resolved "https://registry.yarnpkg.com/commander/-/commander-2.17.1.tgz#bd77ab7de6de94205ceacc72f1716d29f20a77bf"
  integrity sha512-wPMUt6FnH2yzG95SA6mzjQOEKUU3aLaDEmzs1ti+1E9h+CsrZghRlqEM/EJ4KscsQVG8uNN4uVreUeT8+drlgg==

crc-32@~1.2.0:
  version "1.2.0"
  resolved "https://registry.yarnpkg.com/crc-32/-/crc-32-1.2.0.tgz#cb2db6e29b88508e32d9dd0ec1693e7b41a18208"
  integrity sha512-1uBwHxF+Y/4yF5G48fwnKq6QsIXheor3ZLPT80yGBV1oEUwpPojlEhQbWKVw1VwcTQyMGHK1/XMmTjmlsmTTGA==
  dependencies:
    exit-on-epipe "~1.0.1"
    printj "~1.1.0"

csv-generate@^3.2.4:
  version "3.3.0"
  resolved "https://registry.yarnpkg.com/csv-generate/-/csv-generate-3.3.0.tgz#0e25658f1bb9806d94fec7b270896a35c7eedf1a"
  integrity sha512-EXSru4QwEWKwM7wwsJbhrZC+mHEJrhQFoXlohHs80CAU8Qhlv9gaw1sjzNiC3Hr3oUx5skDmEiAlz+tnKWV0RA==

csv-parse@^4.8.8:
  version "4.14.1"
  resolved "https://registry.yarnpkg.com/csv-parse/-/csv-parse-4.14.1.tgz#b6b3736508fb94682fa6d450fe1755237221d291"
  integrity sha512-4wmcO7QbWtDAncGFaBwlWFPhEN4Akr64IbM4zvDwEOFekI8blLc04Nw7XjQjtSNy+3AUAgBgtUa9nWo5Cq89Xg==

csv-stringify@^5.3.6:
  version "5.5.3"
  resolved "https://registry.yarnpkg.com/csv-stringify/-/csv-stringify-5.5.3.tgz#b7a287daee7492de3722b13dccb238f2d60db522"
  integrity sha512-JKG8vIHpWPzdilp2SAmvjmAiIhD+XGKGdhZBGi8QIECgJAsFr7k5CmJIW2QkSxBBsctvmojM25s+UINzQ5NLTg==

csv@^5.3.2:
  version "5.3.2"
  resolved "https://registry.yarnpkg.com/csv/-/csv-5.3.2.tgz#50b344e25dfbb8c62684a1bcec18c22468b2161e"
  integrity sha512-odDyucr9OgJTdGM2wrMbJXbOkJx3nnUX3Pt8SFOwlAMOpsUQlz1dywvLMXJWX/4Ib0rjfOsaawuuwfI5ucqBGQ==
  dependencies:
    csv-generate "^3.2.4"
    csv-parse "^4.8.8"
    csv-stringify "^5.3.6"
    stream-transform "^2.0.1"

exit-on-epipe@~1.0.1:
  version "1.0.1"
  resolved "https://registry.yarnpkg.com/exit-on-epipe/-/exit-on-epipe-1.0.1.tgz#0bdd92e87d5285d267daa8171d0eb06159689692"
  integrity sha512-h2z5mrROTxce56S+pnvAV890uu7ls7f1kEvVGJbw1OlFH3/mlJ5bkXu0KRyW94v37zzHPiUd55iLn3DA7TjWpw==

fflate@^0.3.8:
  version "0.3.10"
  resolved "https://registry.yarnpkg.com/fflate/-/fflate-0.3.10.tgz#0e581839a53203d2eeac7e61ce3652d855e24dcd"
  integrity sha512-s5j69APkUPPbzdI20Ix4pPtQP+1Qi58YcFRpE7aO/P1kEywUYjbl2RjZRVEMdnySO9pr4MB0BHPbxkiahrtD/Q==

frac@~1.1.2:
  version "1.1.2"
  resolved "https://registry.yarnpkg.com/frac/-/frac-1.1.2.tgz#3d74f7f6478c88a1b5020306d747dc6313c74d0b"
  integrity sha512-w/XBfkibaTl3YDqASwfDUqkna4Z2p9cFSr1aHDt0WoMTECnRfBOv2WArlZILlqgWlmdIlALXGpM2AOhEk5W3IA==

lodash@^4.17.20:
  version "4.17.20"
  resolved "https://registry.yarnpkg.com/lodash/-/lodash-4.17.20.tgz#b44a9b6297bcb698f1c51a3545a2b3b368d59c52"
  integrity sha512-PlhdFcillOINfeV7Ni6oF1TAEayyZBoZ8bcshTHqOYJYlrqzRK5hagpagky5o4HfCzzd1TRkXPMFq6cKk9rGmA==

mixme@^0.4.0:
  version "0.4.0"
  resolved "https://registry.yarnpkg.com/mixme/-/mixme-0.4.0.tgz#a1aee27f0d63cc905e1cc6ddc98abf94d414435e"
  integrity sha512-B4Sm1CDC5+ov5AYxSkyeT5HLtiDgNOLKwFlq34wr8E2O3zRdTvQiLzo599Jt9cir6VJrSenOlgvdooVYCQJIYw==

printj@~1.1.0, printj@~1.1.2:
  version "1.1.2"
  resolved "https://registry.yarnpkg.com/printj/-/printj-1.1.2.tgz#d90deb2975a8b9f600fb3a1c94e3f4c53c78a222"
  integrity sha512-zA2SmoLaxZyArQTOPj5LXecR+RagfPSU5Kw1qP+jkWeNlrq+eJZyY2oS68SU1Z/7/myXM4lo9716laOFAVStCQ==

ssf@~0.11.2:
  version "0.11.2"
  resolved "https://registry.yarnpkg.com/ssf/-/ssf-0.11.2.tgz#0b99698b237548d088fc43cdf2b70c1a7512c06c"
  integrity sha512-+idbmIXoYET47hH+d7dfm2epdOMUDjqcB4648sTZ+t2JwoyBFL/insLfB/racrDmsKB3diwsDA696pZMieAC5g==
  dependencies:
    frac "~1.1.2"

stream-transform@^2.0.1:
  version "2.0.3"
  resolved "https://registry.yarnpkg.com/stream-transform/-/stream-transform-2.0.3.tgz#e3f6bac78b7d81a1452bf84bee9f340a1786bd60"
  integrity sha512-HgNXs2rNG9pKC2gK4owtMPMKfto81S/TWZw0Ybsx6Wp23klnN0YctnMXYe0PmzzhB/zIBEB+0Urf+PMorE4d/A==
  dependencies:
    mixme "^0.4.0"

wmf@~1.0.1:
  version "1.0.2"
  resolved "https://registry.yarnpkg.com/wmf/-/wmf-1.0.2.tgz#7d19d621071a08c2bdc6b7e688a9c435298cc2da"
  integrity sha512-/p9K7bEh0Dj6WbXg4JG0xvLQmIadrner1bi45VMJTfnbVHsc7yIajZyoSoK60/dtVBs12Fm6WkUI5/3WAVsNMw==

word@~0.3.0:
  version "0.3.0"
  resolved "https://registry.yarnpkg.com/word/-/word-0.3.0.tgz#8542157e4f8e849f4a363a288992d47612db9961"
  integrity sha512-OELeY0Q61OXpdUfTp+oweA/vtLVg5VDOXh+3he3PNzLGG/y0oylSOC1xRVj0+l4vQ3tj/bB1HVHv1ocXkQceFA==

xlsx@^0.16.8:
  version "0.16.9"
  resolved "https://registry.yarnpkg.com/xlsx/-/xlsx-0.16.9.tgz#dacd5bb46bda6dd3743940c9c3dc1e2171826256"
  integrity sha512-gxi1I3EasYvgCX1vN9pGyq920Ron4NO8PNfhuoA3Hpq6Y8f0ECXiy4OLrK4QZBnj1jx3QD+8Fq5YZ/3mPZ5iXw==
  dependencies:
    adler-32 "~1.2.0"
    cfb "^1.1.4"
    codepage "~1.14.0"
    commander "~2.17.1"
    crc-32 "~1.2.0"
    exit-on-epipe "~1.0.1"
    fflate "^0.3.8"
    ssf "~0.11.2"
    wmf "~1.0.1"
    word "~0.3.0"
